version: 1
checksums:
  ccd9883a935d21ec9b3e775ce5a85195:
    greeting: e5c4880fef990edc98e20db92aff718d
    nav/brand: 8834f363e9d8dedeca7c66955f31b343
    nav/docs: 1563fcb5ddb5037b0709ccd3dd384a92
    nav/benchmarks: 609eec65e0210f78b0e74d667e9fbef0
    nav/api: 01d9819514e27056dcc69463194b63d2
    hero/title_start: d7e02c5f4eca9f70a420cccbdc1f9869
    hero/title_end: 7ea69b4f6d2849f5d6f6659fe3e48315
    hero/description: f012a2f100077ce542e57eecc5023fad
    features/deep_logic/title: b0540934c50ec50fa8aabc360dc40f2d
    features/deep_logic/subtitle: aceeb007a00c9e5ec598d5e8c9f4a0f7
    features/deep_logic/desc: f2cde6754e42e4808aa51df5d11ee5a3
    features/synthesis/title: a03d218b0297733ac3a381408cfce628
    features/synthesis/subtitle: fda5eebe09595746036088959163b92a
    features/synthesis/desc: 39a94b28cb78548d917e9135f7e9f681
    features/auto_doc/title: a44f83d128ba3fd7dfd7327b69a4f7b8
    features/auto_doc/subtitle: 5dd7a600b0e9e51c09f4c390af3b6ffb
    features/auto_doc/desc: b0b9428a5abc1232e37b01b13d8256d0
    status/analyzing_title: 4069c18d823c2f7fe004613a688b43bf
    status/analyzing_desc: 5ed331d4aaea50aa67505cc57c28cc8f
    status/error_title: d8215a4d5da6512529de737bef243351
    status/try_again: d65fad81c5f8f90405b26bf6e5d70ab9
    file_upload/error_invalid: 0b96d9fb0ee0a93cd26e752ddbcb1bb4
    file_upload/title: 53d1ca410eb1ad19776545d330349f7b
    file_upload/subtitle: fadd84965075f4ceff15c89353fc83ec
    file_upload/select_btn: bf254d88ddd98ed5b89800d21bb43115
    file_upload/clear_btn: d4c069de3111b7a5df96f3703f199f2f
    file_upload/preview_title: 3173ee1f0f1d4e50665ca4a84c38e15d
    file_upload/analyzing_btn: 405440138746829d62aa5eefe602caed
    file_upload/analyze_btn: e6830417ebc46edf57fcbea045aafb36
    analysis/title_prefix: 2fc5a3f0823716d321da5ddd15326e9c
    analysis/analyze_another: 214b3c6589b6d77387a899ba7b4c44c1
    analysis/executive_summary: e61ede49cd2e7dfb8c86318463407c79
    analysis/port_mapping: a4a66ba8767f3cb4a37c8bf7ba7a7c80
    analysis/table/type: f04471a7ddac844b9ad145eb9911ef75
    analysis/table/name: 9368b5a047572b6051f334af5aa76819
    analysis/table/width: 93a6b8408b0004d45d15ab2a0a30ef1e
    analysis/table/description: e17686a22ffad04cc7bb70524ed4478b
    analysis/synthesis_notes: c0fe6de846d6a8474d85845d1e76b649
    analysis/design_metrics: 2cacb8a061909eb82a44885840446587
    analysis/metrics/gate_count: 4f3c411c2b0345c9236f0b7a9694deff
    analysis/metrics/fsm_logic: deb8dd21834df18f925889542860ab08
    analysis/metrics/clock_domains: fe744c0b06fb3b3fbb73c66ed58c9471
    analysis/metrics/detected: 8d26653d1ed8c99c72f2e499b1f7e153
    analysis/metrics/none: d163ad01ba50118a86047c8b73fbe922
    analysis/optimization_tips: d9c941e73ac6bff0370e912cbd7b0cc7
    footer/copyright: dc0373a6913734c87ccd9a7747584470
    footer/privacy: 6007d5d5f6591c027b15bd49ab7a8c47
    footer/terms: c531b88ecfe7dd2337a34f4a9ed18a5f
    footer/contact: 9afa39bc47019ee6dec6c74b6273967c
